
Microsoft Visual Studio Solution File, Format Version 12.00
# Visual Studio 14
VisualStudioVersion = 14.0.25420.1
MinimumVisualStudioVersion = 10.0.40219.1
Project("{888888A0-9F3D-457C-B088-3A5042F75D52}") = "Haedong", "Haedong\Haedong.pyproj", "{35E6AAB3-0BF4-41BE-8A8C-3AACF4023517}"
EndProject
Global
	GlobalSection(SolutionConfigurationPlatforms) = preSolution
		Debug|Any CPU = Debug|Any CPU
		Debug|x86 = Debug|x86
		Release|Any CPU = Release|Any CPU
		Release|x86 = Release|x86
	EndGlobalSection
	GlobalSection(ProjectConfigurationPlatforms) = postSolution
		{35E6AAB3-0BF4-41BE-8A8C-3AACF4023517}.Debug|Any CPU.ActiveCfg = Debug|Any CPU
		{35E6AAB3-0BF4-41BE-8A8C-3AACF4023517}.Debug|x86.ActiveCfg = Debug|Any CPU
		{35E6AAB3-0BF4-41BE-8A8C-3AACF4023517}.Release|Any CPU.ActiveCfg = Release|Any CPU
		{35E6AAB3-0BF4-41BE-8A8C-3AACF4023517}.Release|x86.ActiveCfg = Release|Any CPU
	EndGlobalSection
	GlobalSection(SolutionProperties) = preSolution
		HideSolutionNode = FALSE
	EndGlobalSection
EndGlobal
